
Microsoft Visual Studio Solution File, Format Version 12.00
# Visual Studio Version 16
VisualStudioVersion = 16.0.30907.101
MinimumVisualStudioVersion = 10.0.40219.1
Project("{FAE04EC0-301F-11D3-BF4B-00C04F79EFBC}") = "Racing_ParallelProgramming", "Racing_ParallelProgramming\Racing_ParallelProgramming.csproj", "{7E5BE36A-602C-4D70-828B-4EC1321F4232}"
EndProject
Global
	GlobalSection(SolutionConfigurationPlatforms) = preSolution
		Debug|Any CPU = Debug|Any CPU
		Release|Any CPU = Release|Any CPU
	EndGlobalSection
	GlobalSection(ProjectConfigurationPlatforms) = postSolution
		{7E5BE36A-602C-4D70-828B-4EC1321F4232}.Debug|Any CPU.ActiveCfg = Debug|Any CPU
		{7E5BE36A-602C-4D70-828B-4EC1321F4232}.Debug|Any CPU.Build.0 = Debug|Any CPU
		{7E5BE36A-602C-4D70-828B-4EC1321F4232}.Release|Any CPU.ActiveCfg = Release|Any CPU
		{7E5BE36A-602C-4D70-828B-4EC1321F4232}.Release|Any CPU.Build.0 = Release|Any CPU
	EndGlobalSection
	GlobalSection(SolutionProperties) = preSolution
		HideSolutionNode = FALSE
	EndGlobalSection
	GlobalSection(ExtensibilityGlobals) = postSolution
		SolutionGuid = {E08A0789-EE82-42E3-B692-98529FC46D13}
	EndGlobalSection
EndGlobal
