
Microsoft Visual Studio Solution File, Format Version 12.00
# Visual Studio Version 16
VisualStudioVersion = 16.0.30804.86
MinimumVisualStudioVersion = 10.0.40219.1
Project("{FAE04EC0-301F-11D3-BF4B-00C04F79EFBC}") = "BankApplication", "BankApplication\BankApplication.csproj", "{6D065701-62E8-4593-A90E-2F29226CE628}"
EndProject
Project("{FAE04EC0-301F-11D3-BF4B-00C04F79EFBC}") = "BankLibrary", "BankLibrary\BankLibrary.csproj", "{2E1D175C-D521-47A7-888A-8F8C4A081834}"
EndProject
Global
	GlobalSection(SolutionConfigurationPlatforms) = preSolution
		Debug|Any CPU = Debug|Any CPU
		Release|Any CPU = Release|Any CPU
	EndGlobalSection
	GlobalSection(ProjectConfigurationPlatforms) = postSolution
		{6D065701-62E8-4593-A90E-2F29226CE628}.Debug|Any CPU.ActiveCfg = Debug|Any CPU
		{6D065701-62E8-4593-A90E-2F29226CE628}.Debug|Any CPU.Build.0 = Debug|Any CPU
		{6D065701-62E8-4593-A90E-2F29226CE628}.Release|Any CPU.ActiveCfg = Release|Any CPU
		{6D065701-62E8-4593-A90E-2F29226CE628}.Release|Any CPU.Build.0 = Release|Any CPU
		{2E1D175C-D521-47A7-888A-8F8C4A081834}.Debug|Any CPU.ActiveCfg = Debug|Any CPU
		{2E1D175C-D521-47A7-888A-8F8C4A081834}.Debug|Any CPU.Build.0 = Debug|Any CPU
		{2E1D175C-D521-47A7-888A-8F8C4A081834}.Release|Any CPU.ActiveCfg = Release|Any CPU
		{2E1D175C-D521-47A7-888A-8F8C4A081834}.Release|Any CPU.Build.0 = Release|Any CPU
	EndGlobalSection
	GlobalSection(SolutionProperties) = preSolution
		HideSolutionNode = FALSE
	EndGlobalSection
	GlobalSection(ExtensibilityGlobals) = postSolution
		SolutionGuid = {B0248C1C-C1CA-4B11-AB54-EA526225DE9E}
	EndGlobalSection
EndGlobal
