
Microsoft Visual Studio Solution File, Format Version 12.00
# Visual Studio Version 16
VisualStudioVersion = 16.0.31112.23
MinimumVisualStudioVersion = 10.0.40219.1
Project("{FAE04EC0-301F-11D3-BF4B-00C04F79EFBC}") = "TCP_Chat_server", "TCP_Chat\TCP_Chat_server.csproj", "{4A910E36-78CD-40A5-9950-CA65A07A7AC7}"
EndProject
Project("{FAE04EC0-301F-11D3-BF4B-00C04F79EFBC}") = "TCP_Chat_client", "TCP_Chat_client\TCP_Chat_client.csproj", "{65A5915E-686D-4F61-A681-8A6DEB934696}"
EndProject
Global
	GlobalSection(SolutionConfigurationPlatforms) = preSolution
		Debug|Any CPU = Debug|Any CPU
		Release|Any CPU = Release|Any CPU
	EndGlobalSection
	GlobalSection(ProjectConfigurationPlatforms) = postSolution
		{4A910E36-78CD-40A5-9950-CA65A07A7AC7}.Debug|Any CPU.ActiveCfg = Debug|Any CPU
		{4A910E36-78CD-40A5-9950-CA65A07A7AC7}.Debug|Any CPU.Build.0 = Debug|Any CPU
		{4A910E36-78CD-40A5-9950-CA65A07A7AC7}.Release|Any CPU.ActiveCfg = Release|Any CPU
		{4A910E36-78CD-40A5-9950-CA65A07A7AC7}.Release|Any CPU.Build.0 = Release|Any CPU
		{65A5915E-686D-4F61-A681-8A6DEB934696}.Debug|Any CPU.ActiveCfg = Debug|Any CPU
		{65A5915E-686D-4F61-A681-8A6DEB934696}.Debug|Any CPU.Build.0 = Debug|Any CPU
		{65A5915E-686D-4F61-A681-8A6DEB934696}.Release|Any CPU.ActiveCfg = Release|Any CPU
		{65A5915E-686D-4F61-A681-8A6DEB934696}.Release|Any CPU.Build.0 = Release|Any CPU
	EndGlobalSection
	GlobalSection(SolutionProperties) = preSolution
		HideSolutionNode = FALSE
	EndGlobalSection
	GlobalSection(ExtensibilityGlobals) = postSolution
		SolutionGuid = {B867C441-70D7-4DC6-9AF0-46CD7E0C3097}
	EndGlobalSection
EndGlobal
