
Microsoft Visual Studio Solution File, Format Version 12.00
# Visual Studio Version 16
VisualStudioVersion = 16.0.30907.101
MinimumVisualStudioVersion = 10.0.40219.1
Project("{FAE04EC0-301F-11D3-BF4B-00C04F79EFBC}") = "SerializationExercises", "SerializationExercises\SerializationExercises.csproj", "{67264D54-65D6-4616-A119-67DA0FBDDF84}"
EndProject
Global
	GlobalSection(SolutionConfigurationPlatforms) = preSolution
		Debug|Any CPU = Debug|Any CPU
		Release|Any CPU = Release|Any CPU
	EndGlobalSection
	GlobalSection(ProjectConfigurationPlatforms) = postSolution
		{67264D54-65D6-4616-A119-67DA0FBDDF84}.Debug|Any CPU.ActiveCfg = Debug|Any CPU
		{67264D54-65D6-4616-A119-67DA0FBDDF84}.Debug|Any CPU.Build.0 = Debug|Any CPU
		{67264D54-65D6-4616-A119-67DA0FBDDF84}.Release|Any CPU.ActiveCfg = Release|Any CPU
		{67264D54-65D6-4616-A119-67DA0FBDDF84}.Release|Any CPU.Build.0 = Release|Any CPU
	EndGlobalSection
	GlobalSection(SolutionProperties) = preSolution
		HideSolutionNode = FALSE
	EndGlobalSection
	GlobalSection(ExtensibilityGlobals) = postSolution
		SolutionGuid = {A2C56FDB-66FE-40D5-AA4B-A2658D2C9144}
	EndGlobalSection
EndGlobal
